
Microsoft Visual Studio Solution File, Format Version 12.00
# Visual Studio Version 16
VisualStudioVersion = 16.0.31702.278
MinimumVisualStudioVersion = 10.0.40219.1
Project("{FAE04EC0-301F-11D3-BF4B-00C04F79EFBC}") = "Catalog.Api", "Catalog.Api\Catalog.Api.csproj", "{A76E735B-E0D4-4365-AED1-5CDD9481BE89}"
EndProject
Global
	GlobalSection(SolutionConfigurationPlatforms) = preSolution
		Debug|Any CPU = Debug|Any CPU
		Release|Any CPU = Release|Any CPU
	EndGlobalSection
	GlobalSection(ProjectConfigurationPlatforms) = postSolution
		{A76E735B-E0D4-4365-AED1-5CDD9481BE89}.Debug|Any CPU.ActiveCfg = Debug|Any CPU
		{A76E735B-E0D4-4365-AED1-5CDD9481BE89}.Debug|Any CPU.Build.0 = Debug|Any CPU
		{A76E735B-E0D4-4365-AED1-5CDD9481BE89}.Release|Any CPU.ActiveCfg = Release|Any CPU
		{A76E735B-E0D4-4365-AED1-5CDD9481BE89}.Release|Any CPU.Build.0 = Release|Any CPU
	EndGlobalSection
	GlobalSection(SolutionProperties) = preSolution
		HideSolutionNode = FALSE
	EndGlobalSection
	GlobalSection(ExtensibilityGlobals) = postSolution
		SolutionGuid = {DCCAF4AE-32A2-4EB6-99BC-C792A83D0756}
	EndGlobalSection
EndGlobal
